
Microsoft Visual Studio Solution File, Format Version 12.00
# Visual Studio Version 16
VisualStudioVersion = 16.0.31005.135
MinimumVisualStudioVersion = 10.0.40219.1
Project("{FAE04EC0-301F-11D3-BF4B-00C04F79EFBC}") = "SIGMA_5(3D_OBJECT)", "SIGMA_5(3D_OBJECT)\SIGMA_5(3D_OBJECT).csproj", "{3A8852A2-1935-400F-9BD9-B5AFD1E51387}"
EndProject
Global
	GlobalSection(SolutionConfigurationPlatforms) = preSolution
		Debug|Any CPU = Debug|Any CPU
		Release|Any CPU = Release|Any CPU
	EndGlobalSection
	GlobalSection(ProjectConfigurationPlatforms) = postSolution
		{3A8852A2-1935-400F-9BD9-B5AFD1E51387}.Debug|Any CPU.ActiveCfg = Debug|Any CPU
		{3A8852A2-1935-400F-9BD9-B5AFD1E51387}.Debug|Any CPU.Build.0 = Debug|Any CPU
		{3A8852A2-1935-400F-9BD9-B5AFD1E51387}.Release|Any CPU.ActiveCfg = Release|Any CPU
		{3A8852A2-1935-400F-9BD9-B5AFD1E51387}.Release|Any CPU.Build.0 = Release|Any CPU
	EndGlobalSection
	GlobalSection(SolutionProperties) = preSolution
		HideSolutionNode = FALSE
	EndGlobalSection
	GlobalSection(ExtensibilityGlobals) = postSolution
		SolutionGuid = {6B6CB39D-3509-4AF4-B07C-94F50676A795}
	EndGlobalSection
EndGlobal
